// !$*UTF8*$!
{
	archiveVersion = 1;
	classes = {
	};
	objectVersion = 56;
	objects = {

/* Begin PBXBuildFile section */
		EB02A7132C835E09008D820E /* Gender.swift in Sources */ = {isa = PBXBuildFile; fileRef = EB02A7122C835E09008D820E /* Gender.swift */; };
		EB02A7152C836770008D820E /* StatusFilter.swift in Sources */ = {isa = PBXBuildFile; fileRef = EB02A7142C836770008D820E /* StatusFilter.swift */; };
		EB02A7172C83703C008D820E /* FilterMenu.swift in Sources */ = {isa = PBXBuildFile; fileRef = EB02A7162C83703C008D820E /* FilterMenu.swift */; };
		EB02A71C2C83785F008D820E /* FiltersScreen.swift in Sources */ = {isa = PBXBuildFile; fileRef = EB02A71B2C83785F008D820E /* FiltersScreen.swift */; };
		EB02A71E2C837872008D820E /* FilterMenuItem.swift in Sources */ = {isa = PBXBuildFile; fileRef = EB02A71D2C837872008D820E /* FilterMenuItem.swift */; };
		EB02A7202C837C42008D820E /* FilterMenuScreen.swift in Sources */ = {isa = PBXBuildFile; fileRef = EB02A71F2C837C42008D820E /* FilterMenuScreen.swift */; };
		EB02A7232C838372008D820E /* BackButton.swift in Sources */ = {isa = PBXBuildFile; fileRef = EB02A7222C838372008D820E /* BackButton.swift */; };
		EB02A7252C8387FE008D820E /* FilterItemView.swift in Sources */ = {isa = PBXBuildFile; fileRef = EB02A7242C8387FE008D820E /* FilterItemView.swift */; };
		EB17573D2C8B7F60001937FE /* DetailsHorizontalSection.swift in Sources */ = {isa = PBXBuildFile; fileRef = EB17573C2C8B7F60001937FE /* DetailsHorizontalSection.swift */; };
		EB347FB62C8237C900460C89 /* LocalizedStrings.swift in Sources */ = {isa = PBXBuildFile; fileRef = EB347FB52C8237C900460C89 /* LocalizedStrings.swift */; };
		EB347FC12C82527C00460C89 /* BaseApiResponse.swift in Sources */ = {isa = PBXBuildFile; fileRef = EB347FC02C82527C00460C89 /* BaseApiResponse.swift */; };
		EB347FC32C8252F300460C89 /* CharacterResponse.swift in Sources */ = {isa = PBXBuildFile; fileRef = EB347FC22C8252F300460C89 /* CharacterResponse.swift */; };
		EB347FC52C8254A500460C89 /* Constants.swift in Sources */ = {isa = PBXBuildFile; fileRef = EB347FC42C8254A500460C89 /* Constants.swift */; };
		EB347FCA2C82562900460C89 /* CharacterService.swift in Sources */ = {isa = PBXBuildFile; fileRef = EB347FC92C82562900460C89 /* CharacterService.swift */; };
		EB347FCC2C8257D500460C89 /* NetworkError.swift in Sources */ = {isa = PBXBuildFile; fileRef = EB347FCB2C8257D500460C89 /* NetworkError.swift */; };
		EB347FCE2C8259E900460C89 /* ErrorHandler.swift in Sources */ = {isa = PBXBuildFile; fileRef = EB347FCD2C8259E900460C89 /* ErrorHandler.swift */; };
		EB347FD12C82609700460C89 /* CharactersScreenViewModel.swift in Sources */ = {isa = PBXBuildFile; fileRef = EB347FD02C82609700460C89 /* CharactersScreenViewModel.swift */; };
		EB347FD32C82617300460C89 /* CharactersScreen.swift in Sources */ = {isa = PBXBuildFile; fileRef = EB347FD22C82617300460C89 /* CharactersScreen.swift */; };
		EB347FD42C8263D400460C89 /* Localizable.xcstrings in Resources */ = {isa = PBXBuildFile; fileRef = EB347FB12C82344600460C89 /* Localizable.xcstrings */; };
		EB347FD62C8265C400460C89 /* CharacterName.swift in Sources */ = {isa = PBXBuildFile; fileRef = EB347FD52C8265C400460C89 /* CharacterName.swift */; };
		EB347FD82C8266D100460C89 /* CharacterStatus.swift in Sources */ = {isa = PBXBuildFile; fileRef = EB347FD72C8266D100460C89 /* CharacterStatus.swift */; };
		EB347FDA2C82682400460C89 /* LastKnownLocationSection.swift in Sources */ = {isa = PBXBuildFile; fileRef = EB347FD92C82682400460C89 /* LastKnownLocationSection.swift */; };
		EB347FDC2C8269B900460C89 /* FirstSeenIn.swift in Sources */ = {isa = PBXBuildFile; fileRef = EB347FDB2C8269B900460C89 /* FirstSeenIn.swift */; };
		EB347FDE2C826A4500460C89 /* CharacterImage.swift in Sources */ = {isa = PBXBuildFile; fileRef = EB347FDD2C826A4500460C89 /* CharacterImage.swift */; };
		EB347FE12C826BF800460C89 /* SDWebImageSwiftUI in Frameworks */ = {isa = PBXBuildFile; productRef = EB347FE02C826BF800460C89 /* SDWebImageSwiftUI */; };
		EB347FE32C827F4400460C89 /* CharacterView.swift in Sources */ = {isa = PBXBuildFile; fileRef = EB347FE22C827F4400460C89 /* CharacterView.swift */; };
		EB347FE52C82815100460C89 /* Status.swift in Sources */ = {isa = PBXBuildFile; fileRef = EB347FE42C82815100460C89 /* Status.swift */; };
		EB347FE72C82A09F00460C89 /* CharacterGridViewItem.swift in Sources */ = {isa = PBXBuildFile; fileRef = EB347FE62C82A09F00460C89 /* CharacterGridViewItem.swift */; };
		EB347FE92C82AB3600460C89 /* RoundedRectangleBackground.swift in Sources */ = {isa = PBXBuildFile; fileRef = EB347FE82C82AB3600460C89 /* RoundedRectangleBackground.swift */; };
		EB347FEC2C82AE8E00460C89 /* FilterItem.swift in Sources */ = {isa = PBXBuildFile; fileRef = EB347FEB2C82AE8E00460C89 /* FilterItem.swift */; };
		EB347FF22C82B02700460C89 /* CharacterFilters.swift in Sources */ = {isa = PBXBuildFile; fileRef = EB347FF12C82B02700460C89 /* CharacterFilters.swift */; };
		EBA45A2E2C9498200088EB96 /* LoadingView.swift in Sources */ = {isa = PBXBuildFile; fileRef = EBA45A2D2C9498200088EB96 /* LoadingView.swift */; };
		EBB09C2D2C87A0FF00B57D94 /* FiltersScreenViewModel.swift in Sources */ = {isa = PBXBuildFile; fileRef = EBB09C2C2C87A0FF00B57D94 /* FiltersScreenViewModel.swift */; };
		EBD451022C7E35E500C51774 /* RickAndMortyApp.swift in Sources */ = {isa = PBXBuildFile; fileRef = EBD451012C7E35E500C51774 /* RickAndMortyApp.swift */; };
		EBD451042C7E35E500C51774 /* ContentView.swift in Sources */ = {isa = PBXBuildFile; fileRef = EBD451032C7E35E500C51774 /* ContentView.swift */; };
		EBD451082C7E35E600C51774 /* Assets.xcassets in Resources */ = {isa = PBXBuildFile; fileRef = EBD451072C7E35E600C51774 /* Assets.xcassets */; };
		EBD4510B2C7E35E600C51774 /* Preview Assets.xcassets in Resources */ = {isa = PBXBuildFile; fileRef = EBD4510A2C7E35E600C51774 /* Preview Assets.xcassets */; };
		EBDEBFBA2C8B6062003DEBAF /* CharacterGender.swift in Sources */ = {isa = PBXBuildFile; fileRef = EBDEBFB92C8B6062003DEBAF /* CharacterGender.swift */; };
		EBDEBFBC2C8B65C4003DEBAF /* CharacterLocation.swift in Sources */ = {isa = PBXBuildFile; fileRef = EBDEBFBB2C8B65C4003DEBAF /* CharacterLocation.swift */; };
		EBDEBFBE2C8B6AE1003DEBAF /* CharacterDetailsScreenViewModel.swift in Sources */ = {isa = PBXBuildFile; fileRef = EBDEBFBD2C8B6AE1003DEBAF /* CharacterDetailsScreenViewModel.swift */; };
		EBEBDF9E2C8DE6D5001EE25A /* CharacterEntity.swift in Sources */ = {isa = PBXBuildFile; fileRef = EBEBDF9D2C8DE6D5001EE25A /* CharacterEntity.swift */; };
		EBEF4E372C95BF7F00CA39CD /* ApiManager.swift in Sources */ = {isa = PBXBuildFile; fileRef = EBEF4E362C95BF7F00CA39CD /* ApiManager.swift */; };
		EBEF4E392C960C9300CA39CD /* ErrorView.swift in Sources */ = {isa = PBXBuildFile; fileRef = EBEF4E382C960C9300CA39CD /* ErrorView.swift */; };
		EBF017BA2C8A102900BBC9A2 /* CharacterDetailsScreen.swift in Sources */ = {isa = PBXBuildFile; fileRef = EBF017B92C8A102900BBC9A2 /* CharacterDetailsScreen.swift */; };
		EBF11B5F2C84B69400D1EF6C /* LocationService.swift in Sources */ = {isa = PBXBuildFile; fileRef = EBF11B5E2C84B69400D1EF6C /* LocationService.swift */; };
		EBF11B622C84B6E000D1EF6C /* LocationResponse.swift in Sources */ = {isa = PBXBuildFile; fileRef = EBF11B612C84B6E000D1EF6C /* LocationResponse.swift */; };
		EBF11B672C84CF1B00D1EF6C /* LocationsScreen.swift in Sources */ = {isa = PBXBuildFile; fileRef = EBF11B662C84CF1B00D1EF6C /* LocationsScreen.swift */; };
		EBF11B6C2C84CF5D00D1EF6C /* LocationsScreenViewModel.swift in Sources */ = {isa = PBXBuildFile; fileRef = EBF11B6B2C84CF5D00D1EF6C /* LocationsScreenViewModel.swift */; };
		EBF11B6E2C84D15500D1EF6C /* LocationView.swift in Sources */ = {isa = PBXBuildFile; fileRef = EBF11B6D2C84D15500D1EF6C /* LocationView.swift */; };
		EBF11B712C84E20C00D1EF6C /* EpisodeService.swift in Sources */ = {isa = PBXBuildFile; fileRef = EBF11B702C84E20C00D1EF6C /* EpisodeService.swift */; };
		EBF11B742C84E25400D1EF6C /* EpisodeResponse.swift in Sources */ = {isa = PBXBuildFile; fileRef = EBF11B732C84E25400D1EF6C /* EpisodeResponse.swift */; };
		EBF11B792C84E91200D1EF6C /* EpisodesScreen.swift in Sources */ = {isa = PBXBuildFile; fileRef = EBF11B782C84E91200D1EF6C /* EpisodesScreen.swift */; };
		EBF11B7C2C84E93F00D1EF6C /* EpisodesScreenViewModel.swift in Sources */ = {isa = PBXBuildFile; fileRef = EBF11B7B2C84E93F00D1EF6C /* EpisodesScreenViewModel.swift */; };
		EBF11B7E2C84EB8000D1EF6C /* EpisodeView.swift in Sources */ = {isa = PBXBuildFile; fileRef = EBF11B7D2C84EB8000D1EF6C /* EpisodeView.swift */; };
		EBF11B802C84ECBA00D1EF6C /* TitleAndDescription.swift in Sources */ = {isa = PBXBuildFile; fileRef = EBF11B7F2C84ECBA00D1EF6C /* TitleAndDescription.swift */; };
		EBF11B822C84F30500D1EF6C /* EpisodeGridItemView.swift in Sources */ = {isa = PBXBuildFile; fileRef = EBF11B812C84F30500D1EF6C /* EpisodeGridItemView.swift */; };
		EBF5128C2C8F667300A7E2E4 /* FavoritesScreen.swift in Sources */ = {isa = PBXBuildFile; fileRef = EBF5128B2C8F667300A7E2E4 /* FavoritesScreen.swift */; };
		EBF5128F2C8F66BB00A7E2E4 /* FavoritesScreenViewModel.swift in Sources */ = {isa = PBXBuildFile; fileRef = EBF5128E2C8F66BB00A7E2E4 /* FavoritesScreenViewModel.swift */; };
		EBF512922C8F7B8400A7E2E4 /* EmptyFavoritesView.swift in Sources */ = {isa = PBXBuildFile; fileRef = EBF512912C8F7B8400A7E2E4 /* EmptyFavoritesView.swift */; };
		EBFB4F842C90BA5100AFDAAB /* PreviewContainer.swift in Sources */ = {isa = PBXBuildFile; fileRef = EBFB4F832C90BA5100AFDAAB /* PreviewContainer.swift */; };
		EBFB4F872C90D74800AFDAAB /* Tab.swift in Sources */ = {isa = PBXBuildFile; fileRef = EBFB4F862C90D74800AFDAAB /* Tab.swift */; };
		EBFB4F892C90D77E00AFDAAB /* TabStateHandler.swift in Sources */ = {isa = PBXBuildFile; fileRef = EBFB4F882C90D77E00AFDAAB /* TabStateHandler.swift */; };
		EBFE575D2C8CB704009CF345 /* AllEpisodesScreen.swift in Sources */ = {isa = PBXBuildFile; fileRef = EBFE575C2C8CB704009CF345 /* AllEpisodesScreen.swift */; };
		EBFE57652C8CD9B4009CF345 /* MainWindowSizeKey.swift in Sources */ = {isa = PBXBuildFile; fileRef = EBFE57642C8CD9B4009CF345 /* MainWindowSizeKey.swift */; };
/* End PBXBuildFile section */

/* Begin PBXFileReference section */
		EB02A7122C835E09008D820E /* Gender.swift */ = {isa = PBXFileReference; lastKnownFileType = sourcecode.swift; path = Gender.swift; sourceTree = "<group>"; };
		EB02A7142C836770008D820E /* StatusFilter.swift */ = {isa = PBXFileReference; lastKnownFileType = sourcecode.swift; path = StatusFilter.swift; sourceTree = "<group>"; };
		EB02A7162C83703C008D820E /* FilterMenu.swift */ = {isa = PBXFileReference; lastKnownFileType = sourcecode.swift; path = FilterMenu.swift; sourceTree = "<group>"; };
		EB02A71B2C83785F008D820E /* FiltersScreen.swift */ = {isa = PBXFileReference; lastKnownFileType = sourcecode.swift; path = FiltersScreen.swift; sourceTree = "<group>"; };
		EB02A71D2C837872008D820E /* FilterMenuItem.swift */ = {isa = PBXFileReference; lastKnownFileType = sourcecode.swift; path = FilterMenuItem.swift; sourceTree = "<group>"; };
		EB02A71F2C837C42008D820E /* FilterMenuScreen.swift */ = {isa = PBXFileReference; lastKnownFileType = sourcecode.swift; path = FilterMenuScreen.swift; sourceTree = "<group>"; };
		EB02A7222C838372008D820E /* BackButton.swift */ = {isa = PBXFileReference; lastKnownFileType = sourcecode.swift; path = BackButton.swift; sourceTree = "<group>"; };
		EB02A7242C8387FE008D820E /* FilterItemView.swift */ = {isa = PBXFileReference; lastKnownFileType = sourcecode.swift; path = FilterItemView.swift; sourceTree = "<group>"; };
		EB17573C2C8B7F60001937FE /* DetailsHorizontalSection.swift */ = {isa = PBXFileReference; lastKnownFileType = sourcecode.swift; path = DetailsHorizontalSection.swift; sourceTree = "<group>"; };
		EB347FB12C82344600460C89 /* Localizable.xcstrings */ = {isa = PBXFileReference; lastKnownFileType = text.json.xcstrings; path = Localizable.xcstrings; sourceTree = "<group>"; };
		EB347FB52C8237C900460C89 /* LocalizedStrings.swift */ = {isa = PBXFileReference; lastKnownFileType = sourcecode.swift; path = LocalizedStrings.swift; sourceTree = "<group>"; };
		EB347FC02C82527C00460C89 /* BaseApiResponse.swift */ = {isa = PBXFileReference; lastKnownFileType = sourcecode.swift; path = BaseApiResponse.swift; sourceTree = "<group>"; };
		EB347FC22C8252F300460C89 /* CharacterResponse.swift */ = {isa = PBXFileReference; lastKnownFileType = sourcecode.swift; path = CharacterResponse.swift; sourceTree = "<group>"; };
		EB347FC42C8254A500460C89 /* Constants.swift */ = {isa = PBXFileReference; lastKnownFileType = sourcecode.swift; path = Constants.swift; sourceTree = "<group>"; };
		EB347FC92C82562900460C89 /* CharacterService.swift */ = {isa = PBXFileReference; lastKnownFileType = sourcecode.swift; path = CharacterService.swift; sourceTree = "<group>"; };
		EB347FCB2C8257D500460C89 /* NetworkError.swift */ = {isa = PBXFileReference; lastKnownFileType = sourcecode.swift; path = NetworkError.swift; sourceTree = "<group>"; };
		EB347FCD2C8259E900460C89 /* ErrorHandler.swift */ = {isa = PBXFileReference; lastKnownFileType = sourcecode.swift; path = ErrorHandler.swift; sourceTree = "<group>"; };
		EB347FD02C82609700460C89 /* CharactersScreenViewModel.swift */ = {isa = PBXFileReference; lastKnownFileType = sourcecode.swift; path = CharactersScreenViewModel.swift; sourceTree = "<group>"; };
		EB347FD22C82617300460C89 /* CharactersScreen.swift */ = {isa = PBXFileReference; lastKnownFileType = sourcecode.swift; path = CharactersScreen.swift; sourceTree = "<group>"; };
		EB347FD52C8265C400460C89 /* CharacterName.swift */ = {isa = PBXFileReference; lastKnownFileType = sourcecode.swift; path = CharacterName.swift; sourceTree = "<group>"; };
		EB347FD72C8266D100460C89 /* CharacterStatus.swift */ = {isa = PBXFileReference; lastKnownFileType = sourcecode.swift; path = CharacterStatus.swift; sourceTree = "<group>"; };
		EB347FD92C82682400460C89 /* LastKnownLocationSection.swift */ = {isa = PBXFileReference; lastKnownFileType = sourcecode.swift; path = LastKnownLocationSection.swift; sourceTree = "<group>"; };
		EB347FDB2C8269B900460C89 /* FirstSeenIn.swift */ = {isa = PBXFileReference; lastKnownFileType = sourcecode.swift; path = FirstSeenIn.swift; sourceTree = "<group>"; };
		EB347FDD2C826A4500460C89 /* CharacterImage.swift */ = {isa = PBXFileReference; lastKnownFileType = sourcecode.swift; path = CharacterImage.swift; sourceTree = "<group>"; };
		EB347FE22C827F4400460C89 /* CharacterView.swift */ = {isa = PBXFileReference; lastKnownFileType = sourcecode.swift; path = CharacterView.swift; sourceTree = "<group>"; };
		EB347FE42C82815100460C89 /* Status.swift */ = {isa = PBXFileReference; lastKnownFileType = sourcecode.swift; path = Status.swift; sourceTree = "<group>"; };
		EB347FE62C82A09F00460C89 /* CharacterGridViewItem.swift */ = {isa = PBXFileReference; lastKnownFileType = sourcecode.swift; path = CharacterGridViewItem.swift; sourceTree = "<group>"; };
		EB347FE82C82AB3600460C89 /* RoundedRectangleBackground.swift */ = {isa = PBXFileReference; lastKnownFileType = sourcecode.swift; path = RoundedRectangleBackground.swift; sourceTree = "<group>"; };
		EB347FEB2C82AE8E00460C89 /* FilterItem.swift */ = {isa = PBXFileReference; lastKnownFileType = sourcecode.swift; path = FilterItem.swift; sourceTree = "<group>"; };
		EB347FF12C82B02700460C89 /* CharacterFilters.swift */ = {isa = PBXFileReference; lastKnownFileType = sourcecode.swift; path = CharacterFilters.swift; sourceTree = "<group>"; };
		EBA45A2D2C9498200088EB96 /* LoadingView.swift */ = {isa = PBXFileReference; lastKnownFileType = sourcecode.swift; path = LoadingView.swift; sourceTree = "<group>"; };
		EBB09C2C2C87A0FF00B57D94 /* FiltersScreenViewModel.swift */ = {isa = PBXFileReference; lastKnownFileType = sourcecode.swift; path = FiltersScreenViewModel.swift; sourceTree = "<group>"; };
		EBD450FE2C7E35E500C51774 /* RickAndMorty.app */ = {isa = PBXFileReference; explicitFileType = wrapper.application; includeInIndex = 0; path = RickAndMorty.app; sourceTree = BUILT_PRODUCTS_DIR; };
		EBD451012C7E35E500C51774 /* RickAndMortyApp.swift */ = {isa = PBXFileReference; lastKnownFileType = sourcecode.swift; path = RickAndMortyApp.swift; sourceTree = "<group>"; };
		EBD451032C7E35E500C51774 /* ContentView.swift */ = {isa = PBXFileReference; lastKnownFileType = sourcecode.swift; path = ContentView.swift; sourceTree = "<group>"; };
		EBD451072C7E35E600C51774 /* Assets.xcassets */ = {isa = PBXFileReference; lastKnownFileType = folder.assetcatalog; path = Assets.xcassets; sourceTree = "<group>"; };
		EBD4510A2C7E35E600C51774 /* Preview Assets.xcassets */ = {isa = PBXFileReference; lastKnownFileType = folder.assetcatalog; path = "Preview Assets.xcassets"; sourceTree = "<group>"; };
		EBDEBFB92C8B6062003DEBAF /* CharacterGender.swift */ = {isa = PBXFileReference; lastKnownFileType = sourcecode.swift; path = CharacterGender.swift; sourceTree = "<group>"; };
		EBDEBFBB2C8B65C4003DEBAF /* CharacterLocation.swift */ = {isa = PBXFileReference; lastKnownFileType = sourcecode.swift; path = CharacterLocation.swift; sourceTree = "<group>"; };
		EBDEBFBD2C8B6AE1003DEBAF /* CharacterDetailsScreenViewModel.swift */ = {isa = PBXFileReference; lastKnownFileType = sourcecode.swift; path = CharacterDetailsScreenViewModel.swift; sourceTree = "<group>"; };
		EBEBDF9D2C8DE6D5001EE25A /* CharacterEntity.swift */ = {isa = PBXFileReference; lastKnownFileType = sourcecode.swift; path = CharacterEntity.swift; sourceTree = "<group>"; };
		EBEF4E362C95BF7F00CA39CD /* ApiManager.swift */ = {isa = PBXFileReference; lastKnownFileType = sourcecode.swift; path = ApiManager.swift; sourceTree = "<group>"; };
		EBEF4E382C960C9300CA39CD /* ErrorView.swift */ = {isa = PBXFileReference; lastKnownFileType = sourcecode.swift; path = ErrorView.swift; sourceTree = "<group>"; };
		EBF017B92C8A102900BBC9A2 /* CharacterDetailsScreen.swift */ = {isa = PBXFileReference; lastKnownFileType = sourcecode.swift; path = CharacterDetailsScreen.swift; sourceTree = "<group>"; };
		EBF11B5E2C84B69400D1EF6C /* LocationService.swift */ = {isa = PBXFileReference; lastKnownFileType = sourcecode.swift; path = LocationService.swift; sourceTree = "<group>"; };
		EBF11B612C84B6E000D1EF6C /* LocationResponse.swift */ = {isa = PBXFileReference; lastKnownFileType = sourcecode.swift; path = LocationResponse.swift; sourceTree = "<group>"; };
		EBF11B662C84CF1B00D1EF6C /* LocationsScreen.swift */ = {isa = PBXFileReference; lastKnownFileType = sourcecode.swift; path = LocationsScreen.swift; sourceTree = "<group>"; };
		EBF11B6B2C84CF5D00D1EF6C /* LocationsScreenViewModel.swift */ = {isa = PBXFileReference; lastKnownFileType = sourcecode.swift; path = LocationsScreenViewModel.swift; sourceTree = "<group>"; };
		EBF11B6D2C84D15500D1EF6C /* LocationView.swift */ = {isa = PBXFileReference; lastKnownFileType = sourcecode.swift; path = LocationView.swift; sourceTree = "<group>"; };
		EBF11B702C84E20C00D1EF6C /* EpisodeService.swift */ = {isa = PBXFileReference; lastKnownFileType = sourcecode.swift; path = EpisodeService.swift; sourceTree = "<group>"; };
		EBF11B732C84E25400D1EF6C /* EpisodeResponse.swift */ = {isa = PBXFileReference; lastKnownFileType = sourcecode.swift; path = EpisodeResponse.swift; sourceTree = "<group>"; };
		EBF11B782C84E91200D1EF6C /* EpisodesScreen.swift */ = {isa = PBXFileReference; lastKnownFileType = sourcecode.swift; path = EpisodesScreen.swift; sourceTree = "<group>"; };
		EBF11B7B2C84E93F00D1EF6C /* EpisodesScreenViewModel.swift */ = {isa = PBXFileReference; lastKnownFileType = sourcecode.swift; path = EpisodesScreenViewModel.swift; sourceTree = "<group>"; };
		EBF11B7D2C84EB8000D1EF6C /* EpisodeView.swift */ = {isa = PBXFileReference; lastKnownFileType = sourcecode.swift; path = EpisodeView.swift; sourceTree = "<group>"; };
		EBF11B7F2C84ECBA00D1EF6C /* TitleAndDescription.swift */ = {isa = PBXFileReference; lastKnownFileType = sourcecode.swift; path = TitleAndDescription.swift; sourceTree = "<group>"; };
		EBF11B812C84F30500D1EF6C /* EpisodeGridItemView.swift */ = {isa = PBXFileReference; lastKnownFileType = sourcecode.swift; path = EpisodeGridItemView.swift; sourceTree = "<group>"; };
		EBF5128B2C8F667300A7E2E4 /* FavoritesScreen.swift */ = {isa = PBXFileReference; lastKnownFileType = sourcecode.swift; path = FavoritesScreen.swift; sourceTree = "<group>"; };
		EBF5128E2C8F66BB00A7E2E4 /* FavoritesScreenViewModel.swift */ = {isa = PBXFileReference; lastKnownFileType = sourcecode.swift; path = FavoritesScreenViewModel.swift; sourceTree = "<group>"; };
		EBF512912C8F7B8400A7E2E4 /* EmptyFavoritesView.swift */ = {isa = PBXFileReference; lastKnownFileType = sourcecode.swift; path = EmptyFavoritesView.swift; sourceTree = "<group>"; };
		EBFB4F832C90BA5100AFDAAB /* PreviewContainer.swift */ = {isa = PBXFileReference; lastKnownFileType = sourcecode.swift; path = PreviewContainer.swift; sourceTree = "<group>"; };
		EBFB4F862C90D74800AFDAAB /* Tab.swift */ = {isa = PBXFileReference; lastKnownFileType = sourcecode.swift; path = Tab.swift; sourceTree = "<group>"; };
		EBFB4F882C90D77E00AFDAAB /* TabStateHandler.swift */ = {isa = PBXFileReference; lastKnownFileType = sourcecode.swift; path = TabStateHandler.swift; sourceTree = "<group>"; };
		EBFE575C2C8CB704009CF345 /* AllEpisodesScreen.swift */ = {isa = PBXFileReference; lastKnownFileType = sourcecode.swift; path = AllEpisodesScreen.swift; sourceTree = "<group>"; };
		EBFE57642C8CD9B4009CF345 /* MainWindowSizeKey.swift */ = {isa = PBXFileReference; lastKnownFileType = sourcecode.swift; path = MainWindowSizeKey.swift; sourceTree = "<group>"; };
/* End PBXFileReference section */

/* Begin PBXFrameworksBuildPhase section */
		EBD450FB2C7E35E500C51774 /* Frameworks */ = {
			isa = PBXFrameworksBuildPhase;
			buildActionMask = 2147483647;
			files = (
				EB347FE12C826BF800460C89 /* SDWebImageSwiftUI in Frameworks */,
			);
			runOnlyForDeploymentPostprocessing = 0;
		};
/* End PBXFrameworksBuildPhase section */

/* Begin PBXGroup section */
		EB02A7182C837834008D820E /* filters */ = {
			isa = PBXGroup;
			children = (
				EB02A71A2C83784A008D820E /* components */,
				EB02A7192C837842008D820E /* screen */,
			);
			path = filters;
			sourceTree = "<group>";
		};
		EB02A7192C837842008D820E /* screen */ = {
			isa = PBXGroup;
			children = (
				EB02A71B2C83785F008D820E /* FiltersScreen.swift */,
				EB02A71F2C837C42008D820E /* FilterMenuScreen.swift */,
			);
			path = screen;
			sourceTree = "<group>";
		};
		EB02A71A2C83784A008D820E /* components */ = {
			isa = PBXGroup;
			children = (
				EB02A71D2C837872008D820E /* FilterMenuItem.swift */,
				EB02A7242C8387FE008D820E /* FilterItemView.swift */,
			);
			path = components;
			sourceTree = "<group>";
		};
		EB02A7212C838367008D820E /* components */ = {
			isa = PBXGroup;
			children = (
				EB02A7222C838372008D820E /* BackButton.swift */,
				EBF11B7F2C84ECBA00D1EF6C /* TitleAndDescription.swift */,
				EBA45A2D2C9498200088EB96 /* LoadingView.swift */,
				EBEF4E382C960C9300CA39CD /* ErrorView.swift */,
			);
			path = components;
			sourceTree = "<group>";
		};
		EB347FAC2C82236F00460C89 /* Model */ = {
			isa = PBXGroup;
			children = (
				EBFB4F852C90D73A00AFDAAB /* tab */,
				EBF11B722C84E23F00D1EF6C /* episodes */,
				EBF11B602C84B6CA00D1EF6C /* locations */,
				EB347FEA2C82AE7700460C89 /* filter */,
				EB347FBF2C82526800460C89 /* base */,
				EB347FBE2C82525E00460C89 /* characters */,
				EB347FCB2C8257D500460C89 /* NetworkError.swift */,
			);
			path = Model;
			sourceTree = "<group>";
		};
		EB347FAD2C82237500460C89 /* View */ = {
			isa = PBXGroup;
			children = (
				EBF512892C8F665F00A7E2E4 /* favorites */,
				EBF11B752C84E8F300D1EF6C /* episodes */,
				EBF11B632C84CEF700D1EF6C /* locations */,
				EB02A7212C838367008D820E /* components */,
				EB02A7182C837834008D820E /* filters */,
				EB347FBA2C824DB100460C89 /* characters */,
			);
			path = View;
			sourceTree = "<group>";
		};
		EB347FAE2C82237D00460C89 /* ViewModel */ = {
			isa = PBXGroup;
			children = (
				EBF5128D2C8F66AA00A7E2E4 /* favorites */,
				EBB09C2B2C87A0F200B57D94 /* filters */,
				EBF11B7A2C84E93000D1EF6C /* episodes */,
				EBF11B682C84CF4300D1EF6C /* locations */,
				EB347FCF2C82606F00460C89 /* characters */,
			);
			path = ViewModel;
			sourceTree = "<group>";
		};
		EB347FAF2C822E9D00460C89 /* Service */ = {
			isa = PBXGroup;
			children = (
				EBEF4E352C95BF1C00CA39CD /* utils */,
				EBF11B6F2C84E1F800D1EF6C /* episode */,
				EBF11B5D2C84B67400D1EF6C /* location */,
				EB347FC62C8255FF00460C89 /* character */,
				EB347FC42C8254A500460C89 /* Constants.swift */,
				EB347FCD2C8259E900460C89 /* ErrorHandler.swift */,
			);
			path = Service;
			sourceTree = "<group>";
		};
		EB347FB02C822EA700460C89 /* Locals */ = {
			isa = PBXGroup;
			children = (
				EB347FB52C8237C900460C89 /* LocalizedStrings.swift */,
			);
			path = Locals;
			sourceTree = "<group>";
		};
		EB347FBA2C824DB100460C89 /* characters */ = {
			isa = PBXGroup;
			children = (
				EB347FBD2C824DC800460C89 /* component */,
				EB347FBC2C824DBD00460C89 /* screen */,
			);
			path = characters;
			sourceTree = "<group>";
		};
		EB347FBC2C824DBD00460C89 /* screen */ = {
			isa = PBXGroup;
			children = (
				EB347FD22C82617300460C89 /* CharactersScreen.swift */,
				EBF017B92C8A102900BBC9A2 /* CharacterDetailsScreen.swift */,
			);
			path = screen;
			sourceTree = "<group>";
		};
		EB347FBD2C824DC800460C89 /* component */ = {
			isa = PBXGroup;
			children = (
				EB347FD52C8265C400460C89 /* CharacterName.swift */,
				EB347FD72C8266D100460C89 /* CharacterStatus.swift */,
				EB347FD92C82682400460C89 /* LastKnownLocationSection.swift */,
				EB347FDB2C8269B900460C89 /* FirstSeenIn.swift */,
				EB347FDD2C826A4500460C89 /* CharacterImage.swift */,
				EB347FE22C827F4400460C89 /* CharacterView.swift */,
				EB347FE62C82A09F00460C89 /* CharacterGridViewItem.swift */,
				EB347FE82C82AB3600460C89 /* RoundedRectangleBackground.swift */,
				EBDEBFB92C8B6062003DEBAF /* CharacterGender.swift */,
				EBDEBFBB2C8B65C4003DEBAF /* CharacterLocation.swift */,
				EB17573C2C8B7F60001937FE /* DetailsHorizontalSection.swift */,
			);
			path = component;
			sourceTree = "<group>";
		};
		EB347FBE2C82525E00460C89 /* characters */ = {
			isa = PBXGroup;
			children = (
				EB347FC22C8252F300460C89 /* CharacterResponse.swift */,
				EB347FE42C82815100460C89 /* Status.swift */,
				EBEBDF9D2C8DE6D5001EE25A /* CharacterEntity.swift */,
			);
			path = characters;
			sourceTree = "<group>";
		};
		EB347FBF2C82526800460C89 /* base */ = {
			isa = PBXGroup;
			children = (
				EB347FC02C82527C00460C89 /* BaseApiResponse.swift */,
			);
			path = base;
			sourceTree = "<group>";
		};
		EB347FC62C8255FF00460C89 /* character */ = {
			isa = PBXGroup;
			children = (
				EB347FC92C82562900460C89 /* CharacterService.swift */,
			);
			path = character;
			sourceTree = "<group>";
		};
		EB347FCF2C82606F00460C89 /* characters */ = {
			isa = PBXGroup;
			children = (
				EB347FD02C82609700460C89 /* CharactersScreenViewModel.swift */,
				EBDEBFBD2C8B6AE1003DEBAF /* CharacterDetailsScreenViewModel.swift */,
			);
			path = characters;
			sourceTree = "<group>";
		};
		EB347FEA2C82AE7700460C89 /* filter */ = {
			isa = PBXGroup;
			children = (
				EB347FEB2C82AE8E00460C89 /* FilterItem.swift */,
				EB347FF12C82B02700460C89 /* CharacterFilters.swift */,
				EB02A7122C835E09008D820E /* Gender.swift */,
				EB02A7142C836770008D820E /* StatusFilter.swift */,
				EB02A7162C83703C008D820E /* FilterMenu.swift */,
			);
			path = filter;
			sourceTree = "<group>";
		};
		EBB09C2B2C87A0F200B57D94 /* filters */ = {
			isa = PBXGroup;
			children = (
				EBB09C2C2C87A0FF00B57D94 /* FiltersScreenViewModel.swift */,
			);
			path = filters;
			sourceTree = "<group>";
		};
		EBD450F52C7E35E500C51774 = {
			isa = PBXGroup;
			children = (
				EBD451002C7E35E500C51774 /* RickAndMorty */,
				EBD450FF2C7E35E500C51774 /* Products */,
			);
			sourceTree = "<group>";
		};
		EBD450FF2C7E35E500C51774 /* Products */ = {
			isa = PBXGroup;
			children = (
				EBD450FE2C7E35E500C51774 /* RickAndMorty.app */,
			);
			name = Products;
			sourceTree = "<group>";
		};
		EBD451002C7E35E500C51774 /* RickAndMorty */ = {
			isa = PBXGroup;
			children = (
				EBFE57632C8CD91A009CF345 /* Utils */,
				EB347FB02C822EA700460C89 /* Locals */,
				EB347FAF2C822E9D00460C89 /* Service */,
				EB347FAE2C82237D00460C89 /* ViewModel */,
				EB347FAD2C82237500460C89 /* View */,
				EB347FAC2C82236F00460C89 /* Model */,
				EBD451012C7E35E500C51774 /* RickAndMortyApp.swift */,
				EBD451032C7E35E500C51774 /* ContentView.swift */,
				EB347FB12C82344600460C89 /* Localizable.xcstrings */,
				EBD451072C7E35E600C51774 /* Assets.xcassets */,
				EBD451092C7E35E600C51774 /* Preview Content */,
			);
			path = RickAndMorty;
			sourceTree = "<group>";
		};
		EBD451092C7E35E600C51774 /* Preview Content */ = {
			isa = PBXGroup;
			children = (
				EBD4510A2C7E35E600C51774 /* Preview Assets.xcassets */,
				EBFB4F832C90BA5100AFDAAB /* PreviewContainer.swift */,
			);
			path = "Preview Content";
			sourceTree = "<group>";
		};
		EBEF4E352C95BF1C00CA39CD /* utils */ = {
			isa = PBXGroup;
			children = (
				EBEF4E362C95BF7F00CA39CD /* ApiManager.swift */,
			);
			path = utils;
			sourceTree = "<group>";
		};
		EBF11B5D2C84B67400D1EF6C /* location */ = {
			isa = PBXGroup;
			children = (
				EBF11B5E2C84B69400D1EF6C /* LocationService.swift */,
			);
			path = location;
			sourceTree = "<group>";
		};
		EBF11B602C84B6CA00D1EF6C /* locations */ = {
			isa = PBXGroup;
			children = (
				EBF11B612C84B6E000D1EF6C /* LocationResponse.swift */,
			);
			path = locations;
			sourceTree = "<group>";
		};
		EBF11B632C84CEF700D1EF6C /* locations */ = {
			isa = PBXGroup;
			children = (
				EBF11B652C84CF0C00D1EF6C /* component */,
				EBF11B642C84CF0600D1EF6C /* screen */,
			);
			path = locations;
			sourceTree = "<group>";
		};
		EBF11B642C84CF0600D1EF6C /* screen */ = {
			isa = PBXGroup;
			children = (
				EBF11B662C84CF1B00D1EF6C /* LocationsScreen.swift */,
			);
			path = screen;
			sourceTree = "<group>";
		};
		EBF11B652C84CF0C00D1EF6C /* component */ = {
			isa = PBXGroup;
			children = (
				EBF11B6D2C84D15500D1EF6C /* LocationView.swift */,
			);
			path = component;
			sourceTree = "<group>";
		};
		EBF11B682C84CF4300D1EF6C /* locations */ = {
			isa = PBXGroup;
			children = (
				EBF11B6B2C84CF5D00D1EF6C /* LocationsScreenViewModel.swift */,
			);
			path = locations;
			sourceTree = "<group>";
		};
		EBF11B6F2C84E1F800D1EF6C /* episode */ = {
			isa = PBXGroup;
			children = (
				EBF11B702C84E20C00D1EF6C /* EpisodeService.swift */,
			);
			path = episode;
			sourceTree = "<group>";
		};
		EBF11B722C84E23F00D1EF6C /* episodes */ = {
			isa = PBXGroup;
			children = (
				EBF11B732C84E25400D1EF6C /* EpisodeResponse.swift */,
			);
			path = episodes;
			sourceTree = "<group>";
		};
		EBF11B752C84E8F300D1EF6C /* episodes */ = {
			isa = PBXGroup;
			children = (
				EBF11B772C84E90200D1EF6C /* component */,
				EBF11B762C84E8FD00D1EF6C /* screen */,
			);
			path = episodes;
			sourceTree = "<group>";
		};
		EBF11B762C84E8FD00D1EF6C /* screen */ = {
			isa = PBXGroup;
			children = (
				EBF11B782C84E91200D1EF6C /* EpisodesScreen.swift */,
				EBFE575C2C8CB704009CF345 /* AllEpisodesScreen.swift */,
			);
			path = screen;
			sourceTree = "<group>";
		};
		EBF11B772C84E90200D1EF6C /* component */ = {
			isa = PBXGroup;
			children = (
				EBF11B7D2C84EB8000D1EF6C /* EpisodeView.swift */,
				EBF11B812C84F30500D1EF6C /* EpisodeGridItemView.swift */,
			);
			path = component;
			sourceTree = "<group>";
		};
		EBF11B7A2C84E93000D1EF6C /* episodes */ = {
			isa = PBXGroup;
			children = (
				EBF11B7B2C84E93F00D1EF6C /* EpisodesScreenViewModel.swift */,
			);
			path = episodes;
			sourceTree = "<group>";
		};
		EBF512892C8F665F00A7E2E4 /* favorites */ = {
			isa = PBXGroup;
			children = (
				EBF512902C8F7B6D00A7E2E4 /* components */,
				EBF5128A2C8F666800A7E2E4 /* screen */,
			);
			path = favorites;
			sourceTree = "<group>";
		};
		EBF5128A2C8F666800A7E2E4 /* screen */ = {
			isa = PBXGroup;
			children = (
				EBF5128B2C8F667300A7E2E4 /* FavoritesScreen.swift */,
			);
			path = screen;
			sourceTree = "<group>";
		};
		EBF5128D2C8F66AA00A7E2E4 /* favorites */ = {
			isa = PBXGroup;
			children = (
				EBF5128E2C8F66BB00A7E2E4 /* FavoritesScreenViewModel.swift */,
			);
			path = favorites;
			sourceTree = "<group>";
		};
		EBF512902C8F7B6D00A7E2E4 /* components */ = {
			isa = PBXGroup;
			children = (
				EBF512912C8F7B8400A7E2E4 /* EmptyFavoritesView.swift */,
			);
			path = components;
			sourceTree = "<group>";
		};
		EBFB4F852C90D73A00AFDAAB /* tab */ = {
			isa = PBXGroup;
			children = (
				EBFB4F862C90D74800AFDAAB /* Tab.swift */,
				EBFB4F882C90D77E00AFDAAB /* TabStateHandler.swift */,
			);
			path = tab;
			sourceTree = "<group>";
		};
		EBFE57632C8CD91A009CF345 /* Utils */ = {
			isa = PBXGroup;
			children = (
				EBFE57642C8CD9B4009CF345 /* MainWindowSizeKey.swift */,
			);
			path = Utils;
			sourceTree = "<group>";
		};
/* End PBXGroup section */

/* Begin PBXNativeTarget section */
		EBD450FD2C7E35E500C51774 /* RickAndMorty */ = {
			isa = PBXNativeTarget;
			buildConfigurationList = EBD4510E2C7E35E600C51774 /* Build configuration list for PBXNativeTarget "RickAndMorty" */;
			buildPhases = (
				EBD450FA2C7E35E500C51774 /* Sources */,
				EBD450FB2C7E35E500C51774 /* Frameworks */,
				EBD450FC2C7E35E500C51774 /* Resources */,
			);
			buildRules = (
			);
			dependencies = (
			);
			name = RickAndMorty;
			packageProductDependencies = (
				EB347FE02C826BF800460C89 /* SDWebImageSwiftUI */,
			);
			productName = RickAndMorty;
			productReference = EBD450FE2C7E35E500C51774 /* RickAndMorty.app */;
			productType = "com.apple.product-type.application";
		};
/* End PBXNativeTarget section */

/* Begin PBXProject section */
		EBD450F62C7E35E500C51774 /* Project object */ = {
			isa = PBXProject;
			attributes = {
				BuildIndependentTargetsInParallel = 1;
				LastSwiftUpdateCheck = 1540;
				LastUpgradeCheck = 1540;
				TargetAttributes = {
					EBD450FD2C7E35E500C51774 = {
						CreatedOnToolsVersion = 15.4;
					};
				};
			};
			buildConfigurationList = EBD450F92C7E35E500C51774 /* Build configuration list for PBXProject "RickAndMorty" */;
			compatibilityVersion = "Xcode 14.0";
			developmentRegion = en;
			hasScannedForEncodings = 0;
			knownRegions = (
				en,
				Base,
				tr,
			);
			mainGroup = EBD450F52C7E35E500C51774;
			packageReferences = (
				EB347FDF2C826BF800460C89 /* XCRemoteSwiftPackageReference "SDWebImageSwiftUI" */,
			);
			productRefGroup = EBD450FF2C7E35E500C51774 /* Products */;
			projectDirPath = "";
			projectRoot = "";
			targets = (
				EBD450FD2C7E35E500C51774 /* RickAndMorty */,
			);
		};
/* End PBXProject section */

/* Begin PBXResourcesBuildPhase section */
		EBD450FC2C7E35E500C51774 /* Resources */ = {
			isa = PBXResourcesBuildPhase;
			buildActionMask = 2147483647;
			files = (
				EB347FD42C8263D400460C89 /* Localizable.xcstrings in Resources */,
				EBD4510B2C7E35E600C51774 /* Preview Assets.xcassets in Resources */,
				EBD451082C7E35E600C51774 /* Assets.xcassets in Resources */,
			);
			runOnlyForDeploymentPostprocessing = 0;
		};
/* End PBXResourcesBuildPhase section */

/* Begin PBXSourcesBuildPhase section */
		EBD450FA2C7E35E500C51774 /* Sources */ = {
			isa = PBXSourcesBuildPhase;
			buildActionMask = 2147483647;
			files = (
				EB347FF22C82B02700460C89 /* CharacterFilters.swift in Sources */,
				EB347FD62C8265C400460C89 /* CharacterName.swift in Sources */,
				EBF017BA2C8A102900BBC9A2 /* CharacterDetailsScreen.swift in Sources */,
				EB347FC12C82527C00460C89 /* BaseApiResponse.swift in Sources */,
				EB347FD82C8266D100460C89 /* CharacterStatus.swift in Sources */,
				EBFE575D2C8CB704009CF345 /* AllEpisodesScreen.swift in Sources */,
				EBF11B7C2C84E93F00D1EF6C /* EpisodesScreenViewModel.swift in Sources */,
				EB347FDC2C8269B900460C89 /* FirstSeenIn.swift in Sources */,
				EBF11B802C84ECBA00D1EF6C /* TitleAndDescription.swift in Sources */,
				EBF11B742C84E25400D1EF6C /* EpisodeResponse.swift in Sources */,
				EB347FE32C827F4400460C89 /* CharacterView.swift in Sources */,
				EB347FE52C82815100460C89 /* Status.swift in Sources */,
				EB347FCC2C8257D500460C89 /* NetworkError.swift in Sources */,
				EB02A7202C837C42008D820E /* FilterMenuScreen.swift in Sources */,
				EBF11B712C84E20C00D1EF6C /* EpisodeService.swift in Sources */,
				EB347FDA2C82682400460C89 /* LastKnownLocationSection.swift in Sources */,
				EBD451042C7E35E500C51774 /* ContentView.swift in Sources */,
				EB347FEC2C82AE8E00460C89 /* FilterItem.swift in Sources */,
				EB02A7252C8387FE008D820E /* FilterItemView.swift in Sources */,
				EB02A7132C835E09008D820E /* Gender.swift in Sources */,
				EBEF4E372C95BF7F00CA39CD /* ApiManager.swift in Sources */,
				EB347FCA2C82562900460C89 /* CharacterService.swift in Sources */,
				EBFE57652C8CD9B4009CF345 /* MainWindowSizeKey.swift in Sources */,
				EB02A7152C836770008D820E /* StatusFilter.swift in Sources */,
				EB347FC32C8252F300460C89 /* CharacterResponse.swift in Sources */,
				EBDEBFBC2C8B65C4003DEBAF /* CharacterLocation.swift in Sources */,
				EBA45A2E2C9498200088EB96 /* LoadingView.swift in Sources */,
				EBB09C2D2C87A0FF00B57D94 /* FiltersScreenViewModel.swift in Sources */,
				EBF11B822C84F30500D1EF6C /* EpisodeGridItemView.swift in Sources */,
				EBFB4F872C90D74800AFDAAB /* Tab.swift in Sources */,
				EBF5128C2C8F667300A7E2E4 /* FavoritesScreen.swift in Sources */,
				EB02A7172C83703C008D820E /* FilterMenu.swift in Sources */,
				EB347FE72C82A09F00460C89 /* CharacterGridViewItem.swift in Sources */,
				EBF512922C8F7B8400A7E2E4 /* EmptyFavoritesView.swift in Sources */,
				EB02A71E2C837872008D820E /* FilterMenuItem.swift in Sources */,
				EB02A7232C838372008D820E /* BackButton.swift in Sources */,
				EBF11B7E2C84EB8000D1EF6C /* EpisodeView.swift in Sources */,
				EBF11B792C84E91200D1EF6C /* EpisodesScreen.swift in Sources */,
				EB347FB62C8237C900460C89 /* LocalizedStrings.swift in Sources */,
				EBDEBFBE2C8B6AE1003DEBAF /* CharacterDetailsScreenViewModel.swift in Sources */,
				EB347FCE2C8259E900460C89 /* ErrorHandler.swift in Sources */,
				EB02A71C2C83785F008D820E /* FiltersScreen.swift in Sources */,
				EB347FE92C82AB3600460C89 /* RoundedRectangleBackground.swift in Sources */,
				EBF11B6C2C84CF5D00D1EF6C /* LocationsScreenViewModel.swift in Sources */,
				EBF11B622C84B6E000D1EF6C /* LocationResponse.swift in Sources */,
				EBFB4F892C90D77E00AFDAAB /* TabStateHandler.swift in Sources */,
				EBF5128F2C8F66BB00A7E2E4 /* FavoritesScreenViewModel.swift in Sources */,
				EB347FD32C82617300460C89 /* CharactersScreen.swift in Sources */,
				EBFB4F842C90BA5100AFDAAB /* PreviewContainer.swift in Sources */,
				EBEBDF9E2C8DE6D5001EE25A /* CharacterEntity.swift in Sources */,
				EBD451022C7E35E500C51774 /* RickAndMortyApp.swift in Sources */,
				EBF11B672C84CF1B00D1EF6C /* LocationsScreen.swift in Sources */,
				EB347FD12C82609700460C89 /* CharactersScreenViewModel.swift in Sources */,
				EB347FC52C8254A500460C89 /* Constants.swift in Sources */,
				EBF11B6E2C84D15500D1EF6C /* LocationView.swift in Sources */,
				EBEF4E392C960C9300CA39CD /* ErrorView.swift in Sources */,
				EB347FDE2C826A4500460C89 /* CharacterImage.swift in Sources */,
				EBDEBFBA2C8B6062003DEBAF /* CharacterGender.swift in Sources */,
				EB17573D2C8B7F60001937FE /* DetailsHorizontalSection.swift in Sources */,
				EBF11B5F2C84B69400D1EF6C /* LocationService.swift in Sources */,
			);
			runOnlyForDeploymentPostprocessing = 0;
		};
/* End PBXSourcesBuildPhase section */

/* Begin XCBuildConfiguration section */
		EBD4510C2C7E35E600C51774 /* Debug */ = {
			isa = XCBuildConfiguration;
			buildSettings = {
				ALWAYS_SEARCH_USER_PATHS = NO;
				ASSETCATALOG_COMPILER_GENERATE_SWIFT_ASSET_SYMBOL_EXTENSIONS = YES;
				CLANG_ANALYZER_NONNULL = YES;
				CLANG_ANALYZER_NUMBER_OBJECT_CONVERSION = YES_AGGRESSIVE;
				CLANG_CXX_LANGUAGE_STANDARD = "gnu++20";
				CLANG_ENABLE_MODULES = YES;
				CLANG_ENABLE_OBJC_ARC = YES;
				CLANG_ENABLE_OBJC_WEAK = YES;
				CLANG_WARN_BLOCK_CAPTURE_AUTORELEASING = YES;
				CLANG_WARN_BOOL_CONVERSION = YES;
				CLANG_WARN_COMMA = YES;
				CLANG_WARN_CONSTANT_CONVERSION = YES;
				CLANG_WARN_DEPRECATED_OBJC_IMPLEMENTATIONS = YES;
				CLANG_WARN_DIRECT_OBJC_ISA_USAGE = YES_ERROR;
				CLANG_WARN_DOCUMENTATION_COMMENTS = YES;
				CLANG_WARN_EMPTY_BODY = YES;
				CLANG_WARN_ENUM_CONVERSION = YES;
				CLANG_WARN_INFINITE_RECURSION = YES;
				CLANG_WARN_INT_CONVERSION = YES;
				CLANG_WARN_NON_LITERAL_NULL_CONVERSION = YES;
				CLANG_WARN_OBJC_IMPLICIT_RETAIN_SELF = YES;
				CLANG_WARN_OBJC_LITERAL_CONVERSION = YES;
				CLANG_WARN_OBJC_ROOT_CLASS = YES_ERROR;
				CLANG_WARN_QUOTED_INCLUDE_IN_FRAMEWORK_HEADER = YES;
				CLANG_WARN_RANGE_LOOP_ANALYSIS = YES;
				CLANG_WARN_STRICT_PROTOTYPES = YES;
				CLANG_WARN_SUSPICIOUS_MOVE = YES;
				CLANG_WARN_UNGUARDED_AVAILABILITY = YES_AGGRESSIVE;
				CLANG_WARN_UNREACHABLE_CODE = YES;
				CLANG_WARN__DUPLICATE_METHOD_MATCH = YES;
				COPY_PHASE_STRIP = NO;
				DEBUG_INFORMATION_FORMAT = dwarf;
				ENABLE_STRICT_OBJC_MSGSEND = YES;
				ENABLE_TESTABILITY = YES;
				ENABLE_USER_SCRIPT_SANDBOXING = YES;
				GCC_C_LANGUAGE_STANDARD = gnu17;
				GCC_DYNAMIC_NO_PIC = NO;
				GCC_NO_COMMON_BLOCKS = YES;
				GCC_OPTIMIZATION_LEVEL = 0;
				GCC_PREPROCESSOR_DEFINITIONS = (
					"DEBUG=1",
					"$(inherited)",
				);
				GCC_WARN_64_TO_32_BIT_CONVERSION = YES;
				GCC_WARN_ABOUT_RETURN_TYPE = YES_ERROR;
				GCC_WARN_UNDECLARED_SELECTOR = YES;
				GCC_WARN_UNINITIALIZED_AUTOS = YES_AGGRESSIVE;
				GCC_WARN_UNUSED_FUNCTION = YES;
				GCC_WARN_UNUSED_VARIABLE = YES;
				IPHONEOS_DEPLOYMENT_TARGET = 17.5;
				LOCALIZATION_PREFERS_STRING_CATALOGS = YES;
				MTL_ENABLE_DEBUG_INFO = INCLUDE_SOURCE;
				MTL_FAST_MATH = YES;
				ONLY_ACTIVE_ARCH = YES;
				SDKROOT = iphoneos;
				SWIFT_ACTIVE_COMPILATION_CONDITIONS = "DEBUG $(inherited)";
				SWIFT_OPTIMIZATION_LEVEL = "-Onone";
			};
			name = Debug;
		};
		EBD4510D2C7E35E600C51774 /* Release */ = {
			isa = XCBuildConfiguration;
			buildSettings = {
				ALWAYS_SEARCH_USER_PATHS = NO;
				ASSETCATALOG_COMPILER_GENERATE_SWIFT_ASSET_SYMBOL_EXTENSIONS = YES;
				CLANG_ANALYZER_NONNULL = YES;
				CLANG_ANALYZER_NUMBER_OBJECT_CONVERSION = YES_AGGRESSIVE;
				CLANG_CXX_LANGUAGE_STANDARD = "gnu++20";
				CLANG_ENABLE_MODULES = YES;
				CLANG_ENABLE_OBJC_ARC = YES;
				CLANG_ENABLE_OBJC_WEAK = YES;
				CLANG_WARN_BLOCK_CAPTURE_AUTORELEASING = YES;
				CLANG_WARN_BOOL_CONVERSION = YES;
				CLANG_WARN_COMMA = YES;
				CLANG_WARN_CONSTANT_CONVERSION = YES;
				CLANG_WARN_DEPRECATED_OBJC_IMPLEMENTATIONS = YES;
				CLANG_WARN_DIRECT_OBJC_ISA_USAGE = YES_ERROR;
				CLANG_WARN_DOCUMENTATION_COMMENTS = YES;
				CLANG_WARN_EMPTY_BODY = YES;
				CLANG_WARN_ENUM_CONVERSION = YES;
				CLANG_WARN_INFINITE_RECURSION = YES;
				CLANG_WARN_INT_CONVERSION = YES;
				CLANG_WARN_NON_LITERAL_NULL_CONVERSION = YES;
				CLANG_WARN_OBJC_IMPLICIT_RETAIN_SELF = YES;
				CLANG_WARN_OBJC_LITERAL_CONVERSION = YES;
				CLANG_WARN_OBJC_ROOT_CLASS = YES_ERROR;
				CLANG_WARN_QUOTED_INCLUDE_IN_FRAMEWORK_HEADER = YES;
				CLANG_WARN_RANGE_LOOP_ANALYSIS = YES;
				CLANG_WARN_STRICT_PROTOTYPES = YES;
				CLANG_WARN_SUSPICIOUS_MOVE = YES;
				CLANG_WARN_UNGUARDED_AVAILABILITY = YES_AGGRESSIVE;
				CLANG_WARN_UNREACHABLE_CODE = YES;
				CLANG_WARN__DUPLICATE_METHOD_MATCH = YES;
				COPY_PHASE_STRIP = NO;
				DEBUG_INFORMATION_FORMAT = "dwarf-with-dsym";
				ENABLE_NS_ASSERTIONS = NO;
				ENABLE_STRICT_OBJC_MSGSEND = YES;
				ENABLE_USER_SCRIPT_SANDBOXING = YES;
				GCC_C_LANGUAGE_STANDARD = gnu17;
				GCC_NO_COMMON_BLOCKS = YES;
				GCC_WARN_64_TO_32_BIT_CONVERSION = YES;
				GCC_WARN_ABOUT_RETURN_TYPE = YES_ERROR;
				GCC_WARN_UNDECLARED_SELECTOR = YES;
				GCC_WARN_UNINITIALIZED_AUTOS = YES_AGGRESSIVE;
				GCC_WARN_UNUSED_FUNCTION = YES;
				GCC_WARN_UNUSED_VARIABLE = YES;
				IPHONEOS_DEPLOYMENT_TARGET = 17.5;
				LOCALIZATION_PREFERS_STRING_CATALOGS = YES;
				MTL_ENABLE_DEBUG_INFO = NO;
				MTL_FAST_MATH = YES;
				SDKROOT = iphoneos;
				SWIFT_COMPILATION_MODE = wholemodule;
				VALIDATE_PRODUCT = YES;
			};
			name = Release;
		};
		EBD4510F2C7E35E600C51774 /* Debug */ = {
			isa = XCBuildConfiguration;
			buildSettings = {
				ASSETCATALOG_COMPILER_APPICON_NAME = AppIcon;
				ASSETCATALOG_COMPILER_GLOBAL_ACCENT_COLOR_NAME = AccentColor;
				CODE_SIGN_STYLE = Automatic;
				CURRENT_PROJECT_VERSION = 1;
				DEVELOPMENT_ASSET_PATHS = "\"RickAndMorty/Preview Content\"";
				ENABLE_PREVIEWS = YES;
				GENERATE_INFOPLIST_FILE = YES;
				INFOPLIST_KEY_UIApplicationSceneManifest_Generation = YES;
				INFOPLIST_KEY_UIApplicationSupportsIndirectInputEvents = YES;
				INFOPLIST_KEY_UILaunchScreen_Generation = YES;
				INFOPLIST_KEY_UISupportedInterfaceOrientations_iPad = "UIInterfaceOrientationPortrait UIInterfaceOrientationPortraitUpsideDown UIInterfaceOrientationLandscapeLeft UIInterfaceOrientationLandscapeRight";
				INFOPLIST_KEY_UISupportedInterfaceOrientations_iPhone = "UIInterfaceOrientationPortrait UIInterfaceOrientationLandscapeLeft UIInterfaceOrientationLandscapeRight";
				LD_RUNPATH_SEARCH_PATHS = (
					"$(inherited)",
					"@executable_path/Frameworks",
				);
				MARKETING_VERSION = 1.0;
				PRODUCT_BUNDLE_IDENTIFIER = com.example.RickAndMorty;
				PRODUCT_NAME = "$(TARGET_NAME)";
				SWIFT_EMIT_LOC_STRINGS = YES;
				SWIFT_VERSION = 5.0;
				TARGETED_DEVICE_FAMILY = "1,2";
			};
			name = Debug;
		};
		EBD451102C7E35E600C51774 /* Release */ = {
			isa = XCBuildConfiguration;
			buildSettings = {
				ASSETCATALOG_COMPILER_APPICON_NAME = AppIcon;
				ASSETCATALOG_COMPILER_GLOBAL_ACCENT_COLOR_NAME = AccentColor;
				CODE_SIGN_STYLE = Automatic;
				CURRENT_PROJECT_VERSION = 1;
				DEVELOPMENT_ASSET_PATHS = "\"RickAndMorty/Preview Content\"";
				ENABLE_PREVIEWS = YES;
				GENERATE_INFOPLIST_FILE = YES;
				INFOPLIST_KEY_UIApplicationSceneManifest_Generation = YES;
				INFOPLIST_KEY_UIApplicationSupportsIndirectInputEvents = YES;
				INFOPLIST_KEY_UILaunchScreen_Generation = YES;
				INFOPLIST_KEY_UISupportedInterfaceOrientations_iPad = "UIInterfaceOrientationPortrait UIInterfaceOrientationPortraitUpsideDown UIInterfaceOrientationLandscapeLeft UIInterfaceOrientationLandscapeRight";
				INFOPLIST_KEY_UISupportedInterfaceOrientations_iPhone = "UIInterfaceOrientationPortrait UIInterfaceOrientationLandscapeLeft UIInterfaceOrientationLandscapeRight";
				LD_RUNPATH_SEARCH_PATHS = (
					"$(inherited)",
					"@executable_path/Frameworks",
				);
				MARKETING_VERSION = 1.0;
				PRODUCT_BUNDLE_IDENTIFIER = com.example.RickAndMorty;
				PRODUCT_NAME = "$(TARGET_NAME)";
				SWIFT_EMIT_LOC_STRINGS = YES;
				SWIFT_VERSION = 5.0;
				TARGETED_DEVICE_FAMILY = "1,2";
			};
			name = Release;
		};
/* End XCBuildConfiguration section */

/* Begin XCConfigurationList section */
		EBD450F92C7E35E500C51774 /* Build configuration list for PBXProject "RickAndMorty" */ = {
			isa = XCConfigurationList;
			buildConfigurations = (
				EBD4510C2C7E35E600C51774 /* Debug */,
				EBD4510D2C7E35E600C51774 /* Release */,
			);
			defaultConfigurationIsVisible = 0;
			defaultConfigurationName = Release;
		};
		EBD4510E2C7E35E600C51774 /* Build configuration list for PBXNativeTarget "RickAndMorty" */ = {
			isa = XCConfigurationList;
			buildConfigurations = (
				EBD4510F2C7E35E600C51774 /* Debug */,
				EBD451102C7E35E600C51774 /* Release */,
			);
			defaultConfigurationIsVisible = 0;
			defaultConfigurationName = Release;
		};
/* End XCConfigurationList section */

/* Begin XCRemoteSwiftPackageReference section */
		EB347FDF2C826BF800460C89 /* XCRemoteSwiftPackageReference "SDWebImageSwiftUI" */ = {
			isa = XCRemoteSwiftPackageReference;
			repositoryURL = "https://github.com/SDWebImage/SDWebImageSwiftUI.git";
			requirement = {
				kind = upToNextMajorVersion;
				minimumVersion = 3.1.2;
			};
		};
/* End XCRemoteSwiftPackageReference section */

/* Begin XCSwiftPackageProductDependency section */
		EB347FE02C826BF800460C89 /* SDWebImageSwiftUI */ = {
			isa = XCSwiftPackageProductDependency;
			package = EB347FDF2C826BF800460C89 /* XCRemoteSwiftPackageReference "SDWebImageSwiftUI" */;
			productName = SDWebImageSwiftUI;
		};
/* End XCSwiftPackageProductDependency section */
	};
	rootObject = EBD450F62C7E35E500C51774 /* Project object */;
}
